{
  "version": 4,
  "terraform_version": "1.3.6",
  "serial": 9,
  "lineage": "3f892875-0ffb-6fbd-0d4f-1564d2da6f69",
  "outputs": {},
  "resources": [
    {
      "mode": "managed",
      "type": "aws_key_pair",
      "name": "mykey",
      "provider": "provider[\"registry.terraform.io/hashicorp/aws\"]",
      "instances": [
        {
          "schema_version": 1,
          "attributes": {
            "arn": "arn:aws:ec2:ap-northeast-2:651955133290:key-pair/mykey",
            "fingerprint": "6d:af:35:7b:21:75:80:cf:0b:94:b4:b9:28:67:f9:3c",
            "id": "mykey",
            "key_name": "mykey",
            "key_name_prefix": "",
            "key_pair_id": "key-07527b3aed9f63961",
            "key_type": "rsa",
            "public_key": "ssh-rsa AAAAB3NzaC1yc2EAAAADAQABAAABAQCzFpBXJVffIpK/mopWv1OamyvJ1WRQMcGGbipLaN3LuxCgYDkNnmS12tejx2LX8NmRGXBiQdplmDjdQgrfW6eibYlWcp/zDyGBI52K+RFAYSyPJEmhGwYHPaAYEJA3QNeaUquoVSXWpUbUjpOPMs4n4eEzf6eH7w0YKuIHs0MoWLI0D/hUqrt9h6joYuDPexXvEFWYuLo80II6Up9iN9PoEQ35PWe219zhjuvzIXz9dT0S/uMMjUX8gc7MY/WeHnDiJcEHAFg7MHe+FIasV4+545ERn9tlktGB0aCGNfGI2tZj1SoFl03bCkfC7i7AOQ852eik9T6UC8sV7dtYgXgh root@ubuntu2",
            "tags": null,
            "tags_all": {}
          },
          "sensitive_attributes": [],
          "private": "eyJzY2hlbWFfdmVyc2lvbiI6IjEifQ=="
        }
      ]
    }
  ],
  "check_results": null
}
