{
  "version": 4,
  "terraform_version": "1.3.6",
  "serial": 34,
  "lineage": "3f892875-0ffb-6fbd-0d4f-1564d2da6f69",
  "outputs": {
    "groups": {
      "value": [
        "13.124.0.0/16",
        "13.125.0.0/16",
        "13.209.0.0/16",
        "15.164.0.0/15",
        "15.177.76.0/24",
        "15.193.9.0/24",
        "151.148.40.0/24",
        "3.2.37.0/26",
        "3.34.0.0/15",
        "3.36.0.0/14",
        "3.5.140.0/22",
        "3.5.144.0/23",
        "35.71.109.0/24",
        "43.200.0.0/14",
        "52.78.0.0/16",
        "52.79.0.0/16",
        "52.94.248.176/28",
        "52.95.252.0/24",
        "54.180.0.0/15",
        "99.150.24.0/21",
        "99.151.144.0/21",
        "99.77.141.0/24",
        "99.77.242.0/24"
      ],
      "type": [
        "list",
        "string"
      ]
    }
  },
  "resources": [
    {
      "mode": "data",
      "type": "aws_ip_ranges",
      "name": "kor_ec2",
      "provider": "provider[\"registry.terraform.io/hashicorp/aws\"]",
      "instances": [
        {
          "schema_version": 0,
          "attributes": {
            "cidr_blocks": [
              "13.124.0.0/16",
              "13.125.0.0/16",
              "13.209.0.0/16",
              "15.164.0.0/15",
              "15.177.76.0/24",
              "15.193.9.0/24",
              "151.148.40.0/24",
              "3.2.37.0/26",
              "3.34.0.0/15",
              "3.36.0.0/14",
              "3.5.140.0/22",
              "3.5.144.0/23",
              "35.71.109.0/24",
              "43.200.0.0/14",
              "52.78.0.0/16",
              "52.79.0.0/16",
              "52.94.248.176/28",
              "52.95.252.0/24",
              "54.180.0.0/15",
              "99.150.24.0/21",
              "99.151.144.0/21",
              "99.77.141.0/24",
              "99.77.242.0/24"
            ],
            "create_date": "2022-12-15-20-33-07",
            "id": "1671136387",
            "ipv6_cidr_blocks": [
              "2406:da00:2000::/40",
              "2406:da12::/36",
              "2406:da15::/36",
              "2406:da22::/36",
              "2406:da25::/36",
              "2406:da60:2000::/40",
              "2406:da61:2000::/40",
              "2406:da68:2020::/46",
              "2406:da68:2040::/46",
              "2406:da68:2080::/46",
              "2406:da68:20c0::/46",
              "2406:da69:2020::/46",
              "2406:da69:2040::/46",
              "2406:da69:2080::/46",
              "2406:da69:20c0::/46",
              "2406:da70:2000::/40",
              "2406:daf0:2000::/40",
              "2406:daf1:2000::/40",
              "2406:daf2:2000::/40",
              "2406:daff:2000::/40"
            ],
            "regions": [
              "ap-northeast-2"
            ],
            "services": [
              "ec2"
            ],
            "sync_token": 1671136387,
            "url": "https://ip-ranges.amazonaws.com/ip-ranges.json"
          },
          "sensitive_attributes": []
        }
      ]
    },
    {
      "mode": "managed",
      "type": "aws_security_group",
      "name": "from_kor_ec2",
      "provider": "provider[\"registry.terraform.io/hashicorp/aws\"]",
      "instances": [
        {
          "schema_version": 1,
          "attributes": {
            "arn": "arn:aws:ec2:ap-northeast-2:651955133290:security-group/sg-08c5350b1ad37ee40",
            "description": "Managed by Terraform",
            "egress": [],
            "id": "sg-08c5350b1ad37ee40",
            "ingress": [
              {
                "cidr_blocks": [
                  "13.124.0.0/16",
                  "13.125.0.0/16",
                  "13.209.0.0/16",
                  "15.164.0.0/15",
                  "15.177.76.0/24",
                  "15.193.9.0/24",
                  "151.148.40.0/24",
                  "3.2.37.0/26",
                  "3.34.0.0/15",
                  "3.36.0.0/14",
                  "3.5.140.0/22",
                  "3.5.144.0/23",
                  "35.71.109.0/24",
                  "43.200.0.0/14",
                  "52.78.0.0/16",
                  "52.79.0.0/16",
                  "52.94.248.176/28",
                  "52.95.252.0/24",
                  "54.180.0.0/15",
                  "99.150.24.0/21",
                  "99.151.144.0/21",
                  "99.77.141.0/24",
                  "99.77.242.0/24"
                ],
                "description": "",
                "from_port": 22,
                "ipv6_cidr_blocks": [],
                "prefix_list_ids": [],
                "protocol": "tcp",
                "security_groups": [],
                "self": false,
                "to_port": 22
              }
            ],
            "name": "from_kor_ec2",
            "name_prefix": "",
            "owner_id": "651955133290",
            "revoke_rules_on_delete": false,
            "tags": {
              "CreteDate": "2022-12-15-20-33-07",
              "SyncToken": "1671136387"
            },
            "tags_all": {
              "CreteDate": "2022-12-15-20-33-07",
              "SyncToken": "1671136387"
            },
            "timeouts": null,
            "vpc_id": "vpc-32a03f59"
          },
          "sensitive_attributes": [],
          "private": "eyJlMmJmYjczMC1lY2FhLTExZTYtOGY4OC0zNDM2M2JjN2M0YzAiOnsiY3JlYXRlIjo2MDAwMDAwMDAwMDAsImRlbGV0ZSI6OTAwMDAwMDAwMDAwfSwic2NoZW1hX3ZlcnNpb24iOiIxIn0=",
          "dependencies": [
            "data.aws_ip_ranges.kor_ec2"
          ]
        }
      ]
    }
  ],
  "check_results": null
}
